
Microsoft Visual Studio Solution File, Format Version 12.00
# Visual Studio 15
VisualStudioVersion = 15.0.26403.7
MinimumVisualStudioVersion = 10.0.40219.1
Project("{FAE04EC0-301F-11D3-BF4B-00C04F79EFBC}") = "DAL", "DAL\DAL.csproj", "{D19CD22F-2966-474F-84FB-A462A91D8BDE}"
EndProject
Project("{FAE04EC0-301F-11D3-BF4B-00C04F79EFBC}") = "SAL", "SAL\SAL.csproj", "{0B512E5D-9CB1-4607-8989-E71C96E7F533}"
EndProject
Project("{FAE04EC0-301F-11D3-BF4B-00C04F79EFBC}") = "BLL", "BLL\BLL.csproj", "{BA5D9AB6-4F0C-47B0-AB38-3841EC4D9C62}"
EndProject
Project("{FAE04EC0-301F-11D3-BF4B-00C04F79EFBC}") = "AndroidApp", "AndroidApp\AndroidApp.csproj", "{65FBE081-FB7C-410A-9B68-102F32C9DA88}"
EndProject
Project("{FAE04EC0-301F-11D3-BF4B-00C04F79EFBC}") = "iOSApp", "iOSApp\iOSApp.csproj", "{3DB62D62-1CB1-4503-8B00-1741D0C25F74}"
EndProject
Global
	GlobalSection(SolutionConfigurationPlatforms) = preSolution
		Ad-Hoc|Any CPU = Ad-Hoc|Any CPU
		Ad-Hoc|iPhone = Ad-Hoc|iPhone
		Ad-Hoc|iPhoneSimulator = Ad-Hoc|iPhoneSimulator
		AppStore|Any CPU = AppStore|Any CPU
		AppStore|iPhone = AppStore|iPhone
		AppStore|iPhoneSimulator = AppStore|iPhoneSimulator
		Debug|Any CPU = Debug|Any CPU
		Debug|iPhone = Debug|iPhone
		Debug|iPhoneSimulator = Debug|iPhoneSimulator
		Release|Any CPU = Release|Any CPU
		Release|iPhone = Release|iPhone
		Release|iPhoneSimulator = Release|iPhoneSimulator
	EndGlobalSection
	GlobalSection(ProjectConfigurationPlatforms) = postSolution
		{D19CD22F-2966-474F-84FB-A462A91D8BDE}.Ad-Hoc|Any CPU.ActiveCfg = Debug|Any CPU
		{D19CD22F-2966-474F-84FB-A462A91D8BDE}.Ad-Hoc|Any CPU.Build.0 = Debug|Any CPU
		{D19CD22F-2966-474F-84FB-A462A91D8BDE}.Ad-Hoc|iPhone.ActiveCfg = Debug|Any CPU
		{D19CD22F-2966-474F-84FB-A462A91D8BDE}.Ad-Hoc|iPhone.Build.0 = Debug|Any CPU
		{D19CD22F-2966-474F-84FB-A462A91D8BDE}.Ad-Hoc|iPhoneSimulator.ActiveCfg = Debug|Any CPU
		{D19CD22F-2966-474F-84FB-A462A91D8BDE}.Ad-Hoc|iPhoneSimulator.Build.0 = Debug|Any CPU
		{D19CD22F-2966-474F-84FB-A462A91D8BDE}.AppStore|Any CPU.ActiveCfg = Debug|Any CPU
		{D19CD22F-2966-474F-84FB-A462A91D8BDE}.AppStore|Any CPU.Build.0 = Debug|Any CPU
		{D19CD22F-2966-474F-84FB-A462A91D8BDE}.AppStore|iPhone.ActiveCfg = Debug|Any CPU
		{D19CD22F-2966-474F-84FB-A462A91D8BDE}.AppStore|iPhone.Build.0 = Debug|Any CPU
		{D19CD22F-2966-474F-84FB-A462A91D8BDE}.AppStore|iPhoneSimulator.ActiveCfg = Debug|Any CPU
		{D19CD22F-2966-474F-84FB-A462A91D8BDE}.AppStore|iPhoneSimulator.Build.0 = Debug|Any CPU
		{D19CD22F-2966-474F-84FB-A462A91D8BDE}.Debug|Any CPU.ActiveCfg = Debug|Any CPU
		{D19CD22F-2966-474F-84FB-A462A91D8BDE}.Debug|Any CPU.Build.0 = Debug|Any CPU
		{D19CD22F-2966-474F-84FB-A462A91D8BDE}.Debug|iPhone.ActiveCfg = Debug|Any CPU
		{D19CD22F-2966-474F-84FB-A462A91D8BDE}.Debug|iPhone.Build.0 = Debug|Any CPU
		{D19CD22F-2966-474F-84FB-A462A91D8BDE}.Debug|iPhoneSimulator.ActiveCfg = Debug|Any CPU
		{D19CD22F-2966-474F-84FB-A462A91D8BDE}.Debug|iPhoneSimulator.Build.0 = Debug|Any CPU
		{D19CD22F-2966-474F-84FB-A462A91D8BDE}.Release|Any CPU.ActiveCfg = Release|Any CPU
		{D19CD22F-2966-474F-84FB-A462A91D8BDE}.Release|Any CPU.Build.0 = Release|Any CPU
		{D19CD22F-2966-474F-84FB-A462A91D8BDE}.Release|iPhone.ActiveCfg = Release|Any CPU
		{D19CD22F-2966-474F-84FB-A462A91D8BDE}.Release|iPhone.Build.0 = Release|Any CPU
		{D19CD22F-2966-474F-84FB-A462A91D8BDE}.Release|iPhoneSimulator.ActiveCfg = Release|Any CPU
		{D19CD22F-2966-474F-84FB-A462A91D8BDE}.Release|iPhoneSimulator.Build.0 = Release|Any CPU
		{0B512E5D-9CB1-4607-8989-E71C96E7F533}.Ad-Hoc|Any CPU.ActiveCfg = Debug|Any CPU
		{0B512E5D-9CB1-4607-8989-E71C96E7F533}.Ad-Hoc|Any CPU.Build.0 = Debug|Any CPU
		{0B512E5D-9CB1-4607-8989-E71C96E7F533}.Ad-Hoc|iPhone.ActiveCfg = Debug|Any CPU
		{0B512E5D-9CB1-4607-8989-E71C96E7F533}.Ad-Hoc|iPhone.Build.0 = Debug|Any CPU
		{0B512E5D-9CB1-4607-8989-E71C96E7F533}.Ad-Hoc|iPhoneSimulator.ActiveCfg = Debug|Any CPU
		{0B512E5D-9CB1-4607-8989-E71C96E7F533}.Ad-Hoc|iPhoneSimulator.Build.0 = Debug|Any CPU
		{0B512E5D-9CB1-4607-8989-E71C96E7F533}.AppStore|Any CPU.ActiveCfg = Debug|Any CPU
		{0B512E5D-9CB1-4607-8989-E71C96E7F533}.AppStore|Any CPU.Build.0 = Debug|Any CPU
		{0B512E5D-9CB1-4607-8989-E71C96E7F533}.AppStore|iPhone.ActiveCfg = Debug|Any CPU
		{0B512E5D-9CB1-4607-8989-E71C96E7F533}.AppStore|iPhone.Build.0 = Debug|Any CPU
		{0B512E5D-9CB1-4607-8989-E71C96E7F533}.AppStore|iPhoneSimulator.ActiveCfg = Debug|Any CPU
		{0B512E5D-9CB1-4607-8989-E71C96E7F533}.AppStore|iPhoneSimulator.Build.0 = Debug|Any CPU
		{0B512E5D-9CB1-4607-8989-E71C96E7F533}.Debug|Any CPU.ActiveCfg = Debug|Any CPU
		{0B512E5D-9CB1-4607-8989-E71C96E7F533}.Debug|Any CPU.Build.0 = Debug|Any CPU
		{0B512E5D-9CB1-4607-8989-E71C96E7F533}.Debug|iPhone.ActiveCfg = Debug|Any CPU
		{0B512E5D-9CB1-4607-8989-E71C96E7F533}.Debug|iPhone.Build.0 = Debug|Any CPU
		{0B512E5D-9CB1-4607-8989-E71C96E7F533}.Debug|iPhoneSimulator.ActiveCfg = Debug|Any CPU
		{0B512E5D-9CB1-4607-8989-E71C96E7F533}.Debug|iPhoneSimulator.Build.0 = Debug|Any CPU
		{0B512E5D-9CB1-4607-8989-E71C96E7F533}.Release|Any CPU.ActiveCfg = Release|Any CPU
		{0B512E5D-9CB1-4607-8989-E71C96E7F533}.Release|Any CPU.Build.0 = Release|Any CPU
		{0B512E5D-9CB1-4607-8989-E71C96E7F533}.Release|iPhone.ActiveCfg = Release|Any CPU
		{0B512E5D-9CB1-4607-8989-E71C96E7F533}.Release|iPhone.Build.0 = Release|Any CPU
		{0B512E5D-9CB1-4607-8989-E71C96E7F533}.Release|iPhoneSimulator.ActiveCfg = Release|Any CPU
		{0B512E5D-9CB1-4607-8989-E71C96E7F533}.Release|iPhoneSimulator.Build.0 = Release|Any CPU
		{BA5D9AB6-4F0C-47B0-AB38-3841EC4D9C62}.Ad-Hoc|Any CPU.ActiveCfg = Debug|Any CPU
		{BA5D9AB6-4F0C-47B0-AB38-3841EC4D9C62}.Ad-Hoc|Any CPU.Build.0 = Debug|Any CPU
		{BA5D9AB6-4F0C-47B0-AB38-3841EC4D9C62}.Ad-Hoc|iPhone.ActiveCfg = Debug|Any CPU
		{BA5D9AB6-4F0C-47B0-AB38-3841EC4D9C62}.Ad-Hoc|iPhone.Build.0 = Debug|Any CPU
		{BA5D9AB6-4F0C-47B0-AB38-3841EC4D9C62}.Ad-Hoc|iPhoneSimulator.ActiveCfg = Debug|Any CPU
		{BA5D9AB6-4F0C-47B0-AB38-3841EC4D9C62}.Ad-Hoc|iPhoneSimulator.Build.0 = Debug|Any CPU
		{BA5D9AB6-4F0C-47B0-AB38-3841EC4D9C62}.AppStore|Any CPU.ActiveCfg = Debug|Any CPU
		{BA5D9AB6-4F0C-47B0-AB38-3841EC4D9C62}.AppStore|Any CPU.Build.0 = Debug|Any CPU
		{BA5D9AB6-4F0C-47B0-AB38-3841EC4D9C62}.AppStore|iPhone.ActiveCfg = Debug|Any CPU
		{BA5D9AB6-4F0C-47B0-AB38-3841EC4D9C62}.AppStore|iPhone.Build.0 = Debug|Any CPU
		{BA5D9AB6-4F0C-47B0-AB38-3841EC4D9C62}.AppStore|iPhoneSimulator.ActiveCfg = Debug|Any CPU
		{BA5D9AB6-4F0C-47B0-AB38-3841EC4D9C62}.AppStore|iPhoneSimulator.Build.0 = Debug|Any CPU
		{BA5D9AB6-4F0C-47B0-AB38-3841EC4D9C62}.Debug|Any CPU.ActiveCfg = Debug|Any CPU
		{BA5D9AB6-4F0C-47B0-AB38-3841EC4D9C62}.Debug|Any CPU.Build.0 = Debug|Any CPU
		{BA5D9AB6-4F0C-47B0-AB38-3841EC4D9C62}.Debug|iPhone.ActiveCfg = Debug|Any CPU
		{BA5D9AB6-4F0C-47B0-AB38-3841EC4D9C62}.Debug|iPhone.Build.0 = Debug|Any CPU
		{BA5D9AB6-4F0C-47B0-AB38-3841EC4D9C62}.Debug|iPhoneSimulator.ActiveCfg = Debug|Any CPU
		{BA5D9AB6-4F0C-47B0-AB38-3841EC4D9C62}.Debug|iPhoneSimulator.Build.0 = Debug|Any CPU
		{BA5D9AB6-4F0C-47B0-AB38-3841EC4D9C62}.Release|Any CPU.ActiveCfg = Release|Any CPU
		{BA5D9AB6-4F0C-47B0-AB38-3841EC4D9C62}.Release|Any CPU.Build.0 = Release|Any CPU
		{BA5D9AB6-4F0C-47B0-AB38-3841EC4D9C62}.Release|iPhone.ActiveCfg = Release|Any CPU
		{BA5D9AB6-4F0C-47B0-AB38-3841EC4D9C62}.Release|iPhone.Build.0 = Release|Any CPU
		{BA5D9AB6-4F0C-47B0-AB38-3841EC4D9C62}.Release|iPhoneSimulator.ActiveCfg = Release|Any CPU
		{BA5D9AB6-4F0C-47B0-AB38-3841EC4D9C62}.Release|iPhoneSimulator.Build.0 = Release|Any CPU
		{65FBE081-FB7C-410A-9B68-102F32C9DA88}.Ad-Hoc|Any CPU.ActiveCfg = Release|Any CPU
		{65FBE081-FB7C-410A-9B68-102F32C9DA88}.Ad-Hoc|Any CPU.Build.0 = Release|Any CPU
		{65FBE081-FB7C-410A-9B68-102F32C9DA88}.Ad-Hoc|Any CPU.Deploy.0 = Release|Any CPU
		{65FBE081-FB7C-410A-9B68-102F32C9DA88}.Ad-Hoc|iPhone.ActiveCfg = Release|Any CPU
		{65FBE081-FB7C-410A-9B68-102F32C9DA88}.Ad-Hoc|iPhone.Build.0 = Release|Any CPU
		{65FBE081-FB7C-410A-9B68-102F32C9DA88}.Ad-Hoc|iPhone.Deploy.0 = Release|Any CPU
		{65FBE081-FB7C-410A-9B68-102F32C9DA88}.Ad-Hoc|iPhoneSimulator.ActiveCfg = Release|Any CPU
		{65FBE081-FB7C-410A-9B68-102F32C9DA88}.Ad-Hoc|iPhoneSimulator.Build.0 = Release|Any CPU
		{65FBE081-FB7C-410A-9B68-102F32C9DA88}.Ad-Hoc|iPhoneSimulator.Deploy.0 = Release|Any CPU
		{65FBE081-FB7C-410A-9B68-102F32C9DA88}.AppStore|Any CPU.ActiveCfg = Release|Any CPU
		{65FBE081-FB7C-410A-9B68-102F32C9DA88}.AppStore|Any CPU.Build.0 = Release|Any CPU
		{65FBE081-FB7C-410A-9B68-102F32C9DA88}.AppStore|Any CPU.Deploy.0 = Release|Any CPU
		{65FBE081-FB7C-410A-9B68-102F32C9DA88}.AppStore|iPhone.ActiveCfg = Release|Any CPU
		{65FBE081-FB7C-410A-9B68-102F32C9DA88}.AppStore|iPhone.Build.0 = Release|Any CPU
		{65FBE081-FB7C-410A-9B68-102F32C9DA88}.AppStore|iPhone.Deploy.0 = Release|Any CPU
		{65FBE081-FB7C-410A-9B68-102F32C9DA88}.AppStore|iPhoneSimulator.ActiveCfg = Release|Any CPU
		{65FBE081-FB7C-410A-9B68-102F32C9DA88}.AppStore|iPhoneSimulator.Build.0 = Release|Any CPU
		{65FBE081-FB7C-410A-9B68-102F32C9DA88}.AppStore|iPhoneSimulator.Deploy.0 = Release|Any CPU
		{65FBE081-FB7C-410A-9B68-102F32C9DA88}.Debug|Any CPU.ActiveCfg = Debug|Any CPU
		{65FBE081-FB7C-410A-9B68-102F32C9DA88}.Debug|Any CPU.Build.0 = Debug|Any CPU
		{65FBE081-FB7C-410A-9B68-102F32C9DA88}.Debug|Any CPU.Deploy.0 = Debug|Any CPU
		{65FBE081-FB7C-410A-9B68-102F32C9DA88}.Debug|iPhone.ActiveCfg = Debug|Any CPU
		{65FBE081-FB7C-410A-9B68-102F32C9DA88}.Debug|iPhone.Build.0 = Debug|Any CPU
		{65FBE081-FB7C-410A-9B68-102F32C9DA88}.Debug|iPhone.Deploy.0 = Debug|Any CPU
		{65FBE081-FB7C-410A-9B68-102F32C9DA88}.Debug|iPhoneSimulator.ActiveCfg = Debug|Any CPU
		{65FBE081-FB7C-410A-9B68-102F32C9DA88}.Debug|iPhoneSimulator.Build.0 = Debug|Any CPU
		{65FBE081-FB7C-410A-9B68-102F32C9DA88}.Debug|iPhoneSimulator.Deploy.0 = Debug|Any CPU
		{65FBE081-FB7C-410A-9B68-102F32C9DA88}.Release|Any CPU.ActiveCfg = Release|Any CPU
		{65FBE081-FB7C-410A-9B68-102F32C9DA88}.Release|Any CPU.Build.0 = Release|Any CPU
		{65FBE081-FB7C-410A-9B68-102F32C9DA88}.Release|Any CPU.Deploy.0 = Release|Any CPU
		{65FBE081-FB7C-410A-9B68-102F32C9DA88}.Release|iPhone.ActiveCfg = Release|Any CPU
		{65FBE081-FB7C-410A-9B68-102F32C9DA88}.Release|iPhone.Build.0 = Release|Any CPU
		{65FBE081-FB7C-410A-9B68-102F32C9DA88}.Release|iPhone.Deploy.0 = Release|Any CPU
		{65FBE081-FB7C-410A-9B68-102F32C9DA88}.Release|iPhoneSimulator.ActiveCfg = Release|Any CPU
		{65FBE081-FB7C-410A-9B68-102F32C9DA88}.Release|iPhoneSimulator.Build.0 = Release|Any CPU
		{65FBE081-FB7C-410A-9B68-102F32C9DA88}.Release|iPhoneSimulator.Deploy.0 = Release|Any CPU
		{3DB62D62-1CB1-4503-8B00-1741D0C25F74}.Ad-Hoc|Any CPU.ActiveCfg = Ad-Hoc|iPhone
		{3DB62D62-1CB1-4503-8B00-1741D0C25F74}.Ad-Hoc|iPhone.ActiveCfg = Ad-Hoc|iPhone
		{3DB62D62-1CB1-4503-8B00-1741D0C25F74}.Ad-Hoc|iPhone.Build.0 = Ad-Hoc|iPhone
		{3DB62D62-1CB1-4503-8B00-1741D0C25F74}.Ad-Hoc|iPhoneSimulator.ActiveCfg = Ad-Hoc|iPhoneSimulator
		{3DB62D62-1CB1-4503-8B00-1741D0C25F74}.Ad-Hoc|iPhoneSimulator.Build.0 = Ad-Hoc|iPhoneSimulator
		{3DB62D62-1CB1-4503-8B00-1741D0C25F74}.AppStore|Any CPU.ActiveCfg = AppStore|iPhone
		{3DB62D62-1CB1-4503-8B00-1741D0C25F74}.AppStore|iPhone.ActiveCfg = AppStore|iPhone
		{3DB62D62-1CB1-4503-8B00-1741D0C25F74}.AppStore|iPhone.Build.0 = AppStore|iPhone
		{3DB62D62-1CB1-4503-8B00-1741D0C25F74}.AppStore|iPhoneSimulator.ActiveCfg = AppStore|iPhoneSimulator
		{3DB62D62-1CB1-4503-8B00-1741D0C25F74}.AppStore|iPhoneSimulator.Build.0 = AppStore|iPhoneSimulator
		{3DB62D62-1CB1-4503-8B00-1741D0C25F74}.Debug|Any CPU.ActiveCfg = Debug|iPhone
		{3DB62D62-1CB1-4503-8B00-1741D0C25F74}.Debug|iPhone.ActiveCfg = Debug|iPhone
		{3DB62D62-1CB1-4503-8B00-1741D0C25F74}.Debug|iPhone.Build.0 = Debug|iPhone
		{3DB62D62-1CB1-4503-8B00-1741D0C25F74}.Debug|iPhoneSimulator.ActiveCfg = Debug|iPhoneSimulator
		{3DB62D62-1CB1-4503-8B00-1741D0C25F74}.Debug|iPhoneSimulator.Build.0 = Debug|iPhoneSimulator
		{3DB62D62-1CB1-4503-8B00-1741D0C25F74}.Release|Any CPU.ActiveCfg = Release|iPhone
		{3DB62D62-1CB1-4503-8B00-1741D0C25F74}.Release|iPhone.ActiveCfg = Release|iPhone
		{3DB62D62-1CB1-4503-8B00-1741D0C25F74}.Release|iPhone.Build.0 = Release|iPhone
		{3DB62D62-1CB1-4503-8B00-1741D0C25F74}.Release|iPhoneSimulator.ActiveCfg = Release|iPhoneSimulator
		{3DB62D62-1CB1-4503-8B00-1741D0C25F74}.Release|iPhoneSimulator.Build.0 = Release|iPhoneSimulator
	EndGlobalSection
	GlobalSection(SolutionProperties) = preSolution
		HideSolutionNode = FALSE
	EndGlobalSection
EndGlobal
