
Microsoft Visual Studio Solution File, Format Version 12.00
# Visual Studio 15
VisualStudioVersion = 15.0.26430.6
MinimumVisualStudioVersion = 10.0.40219.1
Project("{FAE04EC0-301F-11D3-BF4B-00C04F79EFBC}") = "Lab13", "Lab13\Lab13.csproj", "{456067E6-DE26-4228-927B-2D1C99D4E83B}"
EndProject
Global
	GlobalSection(SolutionConfigurationPlatforms) = preSolution
		Debug|Any CPU = Debug|Any CPU
		Release|Any CPU = Release|Any CPU
	EndGlobalSection
	GlobalSection(ProjectConfigurationPlatforms) = postSolution
		{456067E6-DE26-4228-927B-2D1C99D4E83B}.Debug|Any CPU.ActiveCfg = Debug|Any CPU
		{456067E6-DE26-4228-927B-2D1C99D4E83B}.Debug|Any CPU.Build.0 = Debug|Any CPU
		{456067E6-DE26-4228-927B-2D1C99D4E83B}.Debug|Any CPU.Deploy.0 = Debug|Any CPU
		{456067E6-DE26-4228-927B-2D1C99D4E83B}.Release|Any CPU.ActiveCfg = Release|Any CPU
		{456067E6-DE26-4228-927B-2D1C99D4E83B}.Release|Any CPU.Build.0 = Release|Any CPU
		{456067E6-DE26-4228-927B-2D1C99D4E83B}.Release|Any CPU.Deploy.0 = Release|Any CPU
	EndGlobalSection
	GlobalSection(SolutionProperties) = preSolution
		HideSolutionNode = FALSE
	EndGlobalSection
EndGlobal
